{
    "requires": true,
    "lockfileVersion": 1,
    "dependencies": {
        "@inertiajs/inertia": {
            "version": "0.8.2",
            "resolved": "https://registry.npmjs.org/@inertiajs/inertia/-/inertia-0.8.2.tgz",
            "integrity": "sha512-eJyKGOtwnt33VJhmJOLF5o8VfkpHHgwKcy9Eww5kHyMq+YG46svDCE/hQR6ESpMlJfxRXT0N+ma1Jog1ASNOXg==",
            "dev": true,
            "requires": {
                "axios": "^0.19.0 || ^0.20.0 || ^0.21.0",
                "deepmerge": "^4.0.0",
                "qs": "^6.9.0"
            }
        },
        "@inertiajs/inertia-react": {
            "version": "0.5.1",
            "resolved": "https://registry.npmjs.org/@inertiajs/inertia-react/-/inertia-react-0.5.1.tgz",
            "integrity": "sha512-qZXyrzrWddNXqn94/QeV83hc8IaZsXPP2O3QVrJ2VQhc+JhVJMTX2+HR67yWWmqGfFkW/x/6gm4Ycr0/4jaHvA=="
        },
        "axios": {
            "version": "0.21.1",
            "resolved": "https://registry.npmjs.org/axios/-/axios-0.21.1.tgz",
            "integrity": "sha512-dKQiRHxGD9PPRIUNIWvZhPTPpl1rf/OxTYKsqKUDjBwYylTvV7SjSHJb9ratfyzM6wCdLCOYLzs73qpg5c4iGA==",
            "dev": true,
            "requires": {
                "follow-redirects": "^1.10.0"
            }
        },
        "deepmerge": {
            "version": "4.2.2",
            "resolved": "https://registry.npmjs.org/deepmerge/-/deepmerge-4.2.2.tgz",
            "integrity": "sha512-FJ3UgI4gIl+PHZm53knsuSFpE+nESMr7M4v9QcgB7S63Kj/6WqMiFQJpBBYz1Pt+66bZpP3Q7Lye0Oo9MPKEdg==",
            "dev": true
        },
        "follow-redirects": {
            "version": "1.13.1",
            "resolved": "https://registry.npmjs.org/follow-redirects/-/follow-redirects-1.13.1.tgz",
            "integrity": "sha512-SSG5xmZh1mkPGyKzjZP8zLjltIfpW32Y5QpdNJyjcfGxK3qo3NDDkZOZSFiGn1A6SclQxY9GzEwAHQ3dmYRWpg==",
            "dev": true
        },
        "qs": {
            "version": "6.9.6",
            "resolved": "https://registry.npmjs.org/qs/-/qs-6.9.6.tgz",
            "integrity": "sha512-TIRk4aqYLNoJUbd+g2lEdz5kLWIuTMRagAXxl78Q0RiVjAOugHmeKNGdd3cwo/ktpf9aL9epCfFqWDEKysUlLQ==",
            "dev": true
        }
    }
}
